// !$*UTF8*$!
{
	archiveVersion = 1;
	classes = {
	};
	objectVersion = 56;
	objects = {

/* Begin PBXBuildFile section */
		48BE5A5C2B833D0800345611 /* iOS_TestApp.swift in Sources */ = {isa = PBXBuildFile; fileRef = 48BE5A5B2B833D0800345611 /* iOS_TestApp.swift */; };
		48BE5A5E2B833D0800345611 /* ContentView.swift in Sources */ = {isa = PBXBuildFile; fileRef = 48BE5A5D2B833D0800345611 /* ContentView.swift */; };
		48BE5A602B833D0900345611 /* Assets.xcassets in Resources */ = {isa = PBXBuildFile; fileRef = 48BE5A5F2B833D0900345611 /* Assets.xcassets */; };
		48BE5A632B833D0900345611 /* Preview Assets.xcassets in Resources */ = {isa = PBXBuildFile; fileRef = 48BE5A622B833D0900345611 /* Preview Assets.xcassets */; };
		48BE5A6A2B833D2100345611 /* Product.swift in Sources */ = {isa = PBXBuildFile; fileRef = 48BE5A692B833D2100345611 /* Product.swift */; };
		48BE5A6C2B833D4400345611 /* CategoriesView.swift in Sources */ = {isa = PBXBuildFile; fileRef = 48BE5A6B2B833D4400345611 /* CategoriesView.swift */; };
		48BE5A6E2B833D7D00345611 /* ProductsListView.swift in Sources */ = {isa = PBXBuildFile; fileRef = 48BE5A6D2B833D7D00345611 /* ProductsListView.swift */; };
		48BE5A722B83454000345611 /* Color.swift in Sources */ = {isa = PBXBuildFile; fileRef = 48BE5A712B83454000345611 /* Color.swift */; };
		48BE5A742B83465700345611 /* SearchBar.swift in Sources */ = {isa = PBXBuildFile; fileRef = 48BE5A732B83465700345611 /* SearchBar.swift */; };
/* End PBXBuildFile section */

/* Begin PBXFileReference section */
		48BE5A582B833D0800345611 /* iOS Test.app */ = {isa = PBXFileReference; explicitFileType = wrapper.application; includeInIndex = 0; path = "iOS Test.app"; sourceTree = BUILT_PRODUCTS_DIR; };
		48BE5A5B2B833D0800345611 /* iOS_TestApp.swift */ = {isa = PBXFileReference; lastKnownFileType = sourcecode.swift; path = iOS_TestApp.swift; sourceTree = "<group>"; };
		48BE5A5D2B833D0800345611 /* ContentView.swift */ = {isa = PBXFileReference; lastKnownFileType = sourcecode.swift; path = ContentView.swift; sourceTree = "<group>"; };
		48BE5A5F2B833D0900345611 /* Assets.xcassets */ = {isa = PBXFileReference; lastKnownFileType = folder.assetcatalog; path = Assets.xcassets; sourceTree = "<group>"; };
		48BE5A622B833D0900345611 /* Preview Assets.xcassets */ = {isa = PBXFileReference; lastKnownFileType = folder.assetcatalog; path = "Preview Assets.xcassets"; sourceTree = "<group>"; };
		48BE5A692B833D2100345611 /* Product.swift */ = {isa = PBXFileReference; lastKnownFileType = sourcecode.swift; path = Product.swift; sourceTree = "<group>"; };
		48BE5A6B2B833D4400345611 /* CategoriesView.swift */ = {isa = PBXFileReference; lastKnownFileType = sourcecode.swift; path = CategoriesView.swift; sourceTree = "<group>"; };
		48BE5A6D2B833D7D00345611 /* ProductsListView.swift */ = {isa = PBXFileReference; lastKnownFileType = sourcecode.swift; path = ProductsListView.swift; sourceTree = "<group>"; };
		48BE5A712B83454000345611 /* Color.swift */ = {isa = PBXFileReference; lastKnownFileType = sourcecode.swift; path = Color.swift; sourceTree = "<group>"; };
		48BE5A732B83465700345611 /* SearchBar.swift */ = {isa = PBXFileReference; lastKnownFileType = sourcecode.swift; path = SearchBar.swift; sourceTree = "<group>"; };
/* End PBXFileReference section */

/* Begin PBXFrameworksBuildPhase section */
		48BE5A552B833D0800345611 /* Frameworks */ = {
			isa = PBXFrameworksBuildPhase;
			buildActionMask = 2147483647;
			files = (
			);
			runOnlyForDeploymentPostprocessing = 0;
		};
/* End PBXFrameworksBuildPhase section */

/* Begin PBXGroup section */
		48BE5A4F2B833D0800345611 = {
			isa = PBXGroup;
			children = (
				48BE5A5A2B833D0800345611 /* iOS Test */,
				48BE5A592B833D0800345611 /* Products */,
			);
			sourceTree = "<group>";
		};
		48BE5A592B833D0800345611 /* Products */ = {
			isa = PBXGroup;
			children = (
				48BE5A582B833D0800345611 /* iOS Test.app */,
			);
			name = Products;
			sourceTree = "<group>";
		};
		48BE5A5A2B833D0800345611 /* iOS Test */ = {
			isa = PBXGroup;
			children = (
				48BE5A5B2B833D0800345611 /* iOS_TestApp.swift */,
				48BE5A762B83497700345611 /* Model */,
				48BE5A752B83496E00345611 /* ShoppingView */,
				48BE5A772B83498100345611 /* CategoriesView */,
				48BE5A792B83499000345611 /* ProductView */,
				48BE5A7A2B83499A00345611 /* SearchBar */,
				48BE5A782B83498A00345611 /* Extension */,
				48BE5A5F2B833D0900345611 /* Assets.xcassets */,
				48BE5A612B833D0900345611 /* Preview Content */,
			);
			path = "iOS Test";
			sourceTree = "<group>";
		};
		48BE5A612B833D0900345611 /* Preview Content */ = {
			isa = PBXGroup;
			children = (
				48BE5A622B833D0900345611 /* Preview Assets.xcassets */,
			);
			path = "Preview Content";
			sourceTree = "<group>";
		};
		48BE5A752B83496E00345611 /* ShoppingView */ = {
			isa = PBXGroup;
			children = (
				48BE5A5D2B833D0800345611 /* ContentView.swift */,
			);
			path = ShoppingView;
			sourceTree = "<group>";
		};
		48BE5A762B83497700345611 /* Model */ = {
			isa = PBXGroup;
			children = (
				48BE5A692B833D2100345611 /* Product.swift */,
			);
			path = Model;
			sourceTree = "<group>";
		};
		48BE5A772B83498100345611 /* CategoriesView */ = {
			isa = PBXGroup;
			children = (
				48BE5A6B2B833D4400345611 /* CategoriesView.swift */,
			);
			path = CategoriesView;
			sourceTree = "<group>";
		};
		48BE5A782B83498A00345611 /* Extension */ = {
			isa = PBXGroup;
			children = (
				48BE5A712B83454000345611 /* Color.swift */,
			);
			path = Extension;
			sourceTree = "<group>";
		};
		48BE5A792B83499000345611 /* ProductView */ = {
			isa = PBXGroup;
			children = (
				48BE5A6D2B833D7D00345611 /* ProductsListView.swift */,
			);
			path = ProductView;
			sourceTree = "<group>";
		};
		48BE5A7A2B83499A00345611 /* SearchBar */ = {
			isa = PBXGroup;
			children = (
				48BE5A732B83465700345611 /* SearchBar.swift */,
			);
			path = SearchBar;
			sourceTree = "<group>";
		};
/* End PBXGroup section */

/* Begin PBXNativeTarget section */
		48BE5A572B833D0800345611 /* iOS Test */ = {
			isa = PBXNativeTarget;
			buildConfigurationList = 48BE5A662B833D0900345611 /* Build configuration list for PBXNativeTarget "iOS Test" */;
			buildPhases = (
				48BE5A542B833D0800345611 /* Sources */,
				48BE5A552B833D0800345611 /* Frameworks */,
				48BE5A562B833D0800345611 /* Resources */,
			);
			buildRules = (
			);
			dependencies = (
			);
			name = "iOS Test";
			productName = "iOS Test";
			productReference = 48BE5A582B833D0800345611 /* iOS Test.app */;
			productType = "com.apple.product-type.application";
		};
/* End PBXNativeTarget section */

/* Begin PBXProject section */
		48BE5A502B833D0800345611 /* Project object */ = {
			isa = PBXProject;
			attributes = {
				BuildIndependentTargetsInParallel = 1;
				LastSwiftUpdateCheck = 1520;
				LastUpgradeCheck = 1520;
				TargetAttributes = {
					48BE5A572B833D0800345611 = {
						CreatedOnToolsVersion = 15.2;
					};
				};
			};
			buildConfigurationList = 48BE5A532B833D0800345611 /* Build configuration list for PBXProject "iOS Test" */;
			compatibilityVersion = "Xcode 14.0";
			developmentRegion = en;
			hasScannedForEncodings = 0;
			knownRegions = (
				en,
				Base,
			);
			mainGroup = 48BE5A4F2B833D0800345611;
			productRefGroup = 48BE5A592B833D0800345611 /* Products */;
			projectDirPath = "";
			projectRoot = "";
			targets = (
				48BE5A572B833D0800345611 /* iOS Test */,
			);
		};
/* End PBXProject section */

/* Begin PBXResourcesBuildPhase section */
		48BE5A562B833D0800345611 /* Resources */ = {
			isa = PBXResourcesBuildPhase;
			buildActionMask = 2147483647;
			files = (
				48BE5A632B833D0900345611 /* Preview Assets.xcassets in Resources */,
				48BE5A602B833D0900345611 /* Assets.xcassets in Resources */,
			);
			runOnlyForDeploymentPostprocessing = 0;
		};
/* End PBXResourcesBuildPhase section */

/* Begin PBXSourcesBuildPhase section */
		48BE5A542B833D0800345611 /* Sources */ = {
			isa = PBXSourcesBuildPhase;
			buildActionMask = 2147483647;
			files = (
				48BE5A742B83465700345611 /* SearchBar.swift in Sources */,
				48BE5A6E2B833D7D00345611 /* ProductsListView.swift in Sources */,
				48BE5A6C2B833D4400345611 /* CategoriesView.swift in Sources */,
				48BE5A5E2B833D0800345611 /* ContentView.swift in Sources */,
				48BE5A5C2B833D0800345611 /* iOS_TestApp.swift in Sources */,
				48BE5A6A2B833D2100345611 /* Product.swift in Sources */,
				48BE5A722B83454000345611 /* Color.swift in Sources */,
			);
			runOnlyForDeploymentPostprocessing = 0;
		};
/* End PBXSourcesBuildPhase section */

/* Begin XCBuildConfiguration section */
		48BE5A642B833D0900345611 /* Debug */ = {
			isa = XCBuildConfiguration;
			buildSettings = {
				ALWAYS_SEARCH_USER_PATHS = NO;
				ASSETCATALOG_COMPILER_GENERATE_SWIFT_ASSET_SYMBOL_EXTENSIONS = YES;
				CLANG_ANALYZER_NONNULL = YES;
				CLANG_ANALYZER_NUMBER_OBJECT_CONVERSION = YES_AGGRESSIVE;
				CLANG_CXX_LANGUAGE_STANDARD = "gnu++20";
				CLANG_ENABLE_MODULES = YES;
				CLANG_ENABLE_OBJC_ARC = YES;
				CLANG_ENABLE_OBJC_WEAK = YES;
				CLANG_WARN_BLOCK_CAPTURE_AUTORELEASING = YES;
				CLANG_WARN_BOOL_CONVERSION = YES;
				CLANG_WARN_COMMA = YES;
				CLANG_WARN_CONSTANT_CONVERSION = YES;
				CLANG_WARN_DEPRECATED_OBJC_IMPLEMENTATIONS = YES;
				CLANG_WARN_DIRECT_OBJC_ISA_USAGE = YES_ERROR;
				CLANG_WARN_DOCUMENTATION_COMMENTS = YES;
				CLANG_WARN_EMPTY_BODY = YES;
				CLANG_WARN_ENUM_CONVERSION = YES;
				CLANG_WARN_INFINITE_RECURSION = YES;
				CLANG_WARN_INT_CONVERSION = YES;
				CLANG_WARN_NON_LITERAL_NULL_CONVERSION = YES;
				CLANG_WARN_OBJC_IMPLICIT_RETAIN_SELF = YES;
				CLANG_WARN_OBJC_LITERAL_CONVERSION = YES;
				CLANG_WARN_OBJC_ROOT_CLASS = YES_ERROR;
				CLANG_WARN_QUOTED_INCLUDE_IN_FRAMEWORK_HEADER = YES;
				CLANG_WARN_RANGE_LOOP_ANALYSIS = YES;
				CLANG_WARN_STRICT_PROTOTYPES = YES;
				CLANG_WARN_SUSPICIOUS_MOVE = YES;
				CLANG_WARN_UNGUARDED_AVAILABILITY = YES_AGGRESSIVE;
				CLANG_WARN_UNREACHABLE_CODE = YES;
				CLANG_WARN__DUPLICATE_METHOD_MATCH = YES;
				COPY_PHASE_STRIP = NO;
				DEBUG_INFORMATION_FORMAT = dwarf;
				ENABLE_STRICT_OBJC_MSGSEND = YES;
				ENABLE_TESTABILITY = YES;
				ENABLE_USER_SCRIPT_SANDBOXING = YES;
				GCC_C_LANGUAGE_STANDARD = gnu17;
				GCC_DYNAMIC_NO_PIC = NO;
				GCC_NO_COMMON_BLOCKS = YES;
				GCC_OPTIMIZATION_LEVEL = 0;
				GCC_PREPROCESSOR_DEFINITIONS = (
					"DEBUG=1",
					"$(inherited)",
				);
				GCC_WARN_64_TO_32_BIT_CONVERSION = YES;
				GCC_WARN_ABOUT_RETURN_TYPE = YES_ERROR;
				GCC_WARN_UNDECLARED_SELECTOR = YES;
				GCC_WARN_UNINITIALIZED_AUTOS = YES_AGGRESSIVE;
				GCC_WARN_UNUSED_FUNCTION = YES;
				GCC_WARN_UNUSED_VARIABLE = YES;
				IPHONEOS_DEPLOYMENT_TARGET = 17.2;
				LOCALIZATION_PREFERS_STRING_CATALOGS = YES;
				MTL_ENABLE_DEBUG_INFO = INCLUDE_SOURCE;
				MTL_FAST_MATH = YES;
				ONLY_ACTIVE_ARCH = YES;
				SDKROOT = iphoneos;
				SWIFT_ACTIVE_COMPILATION_CONDITIONS = "DEBUG $(inherited)";
				SWIFT_OPTIMIZATION_LEVEL = "-Onone";
			};
			name = Debug;
		};
		48BE5A652B833D0900345611 /* Release */ = {
			isa = XCBuildConfiguration;
			buildSettings = {
				ALWAYS_SEARCH_USER_PATHS = NO;
				ASSETCATALOG_COMPILER_GENERATE_SWIFT_ASSET_SYMBOL_EXTENSIONS = YES;
				CLANG_ANALYZER_NONNULL = YES;
				CLANG_ANALYZER_NUMBER_OBJECT_CONVERSION = YES_AGGRESSIVE;
				CLANG_CXX_LANGUAGE_STANDARD = "gnu++20";
				CLANG_ENABLE_MODULES = YES;
				CLANG_ENABLE_OBJC_ARC = YES;
				CLANG_ENABLE_OBJC_WEAK = YES;
				CLANG_WARN_BLOCK_CAPTURE_AUTORELEASING = YES;
				CLANG_WARN_BOOL_CONVERSION = YES;
				CLANG_WARN_COMMA = YES;
				CLANG_WARN_CONSTANT_CONVERSION = YES;
				CLANG_WARN_DEPRECATED_OBJC_IMPLEMENTATIONS = YES;
				CLANG_WARN_DIRECT_OBJC_ISA_USAGE = YES_ERROR;
				CLANG_WARN_DOCUMENTATION_COMMENTS = YES;
				CLANG_WARN_EMPTY_BODY = YES;
				CLANG_WARN_ENUM_CONVERSION = YES;
				CLANG_WARN_INFINITE_RECURSION = YES;
				CLANG_WARN_INT_CONVERSION = YES;
				CLANG_WARN_NON_LITERAL_NULL_CONVERSION = YES;
				CLANG_WARN_OBJC_IMPLICIT_RETAIN_SELF = YES;
				CLANG_WARN_OBJC_LITERAL_CONVERSION = YES;
				CLANG_WARN_OBJC_ROOT_CLASS = YES_ERROR;
				CLANG_WARN_QUOTED_INCLUDE_IN_FRAMEWORK_HEADER = YES;
				CLANG_WARN_RANGE_LOOP_ANALYSIS = YES;
				CLANG_WARN_STRICT_PROTOTYPES = YES;
				CLANG_WARN_SUSPICIOUS_MOVE = YES;
				CLANG_WARN_UNGUARDED_AVAILABILITY = YES_AGGRESSIVE;
				CLANG_WARN_UNREACHABLE_CODE = YES;
				CLANG_WARN__DUPLICATE_METHOD_MATCH = YES;
				COPY_PHASE_STRIP = NO;
				DEBUG_INFORMATION_FORMAT = "dwarf-with-dsym";
				ENABLE_NS_ASSERTIONS = NO;
				ENABLE_STRICT_OBJC_MSGSEND = YES;
				ENABLE_USER_SCRIPT_SANDBOXING = YES;
				GCC_C_LANGUAGE_STANDARD = gnu17;
				GCC_NO_COMMON_BLOCKS = YES;
				GCC_WARN_64_TO_32_BIT_CONVERSION = YES;
				GCC_WARN_ABOUT_RETURN_TYPE = YES_ERROR;
				GCC_WARN_UNDECLARED_SELECTOR = YES;
				GCC_WARN_UNINITIALIZED_AUTOS = YES_AGGRESSIVE;
				GCC_WARN_UNUSED_FUNCTION = YES;
				GCC_WARN_UNUSED_VARIABLE = YES;
				IPHONEOS_DEPLOYMENT_TARGET = 17.2;
				LOCALIZATION_PREFERS_STRING_CATALOGS = YES;
				MTL_ENABLE_DEBUG_INFO = NO;
				MTL_FAST_MATH = YES;
				SDKROOT = iphoneos;
				SWIFT_COMPILATION_MODE = wholemodule;
				VALIDATE_PRODUCT = YES;
			};
			name = Release;
		};
		48BE5A672B833D0900345611 /* Debug */ = {
			isa = XCBuildConfiguration;
			buildSettings = {
				ASSETCATALOG_COMPILER_APPICON_NAME = AppIcon;
				ASSETCATALOG_COMPILER_GLOBAL_ACCENT_COLOR_NAME = AccentColor;
				CODE_SIGN_STYLE = Automatic;
				CURRENT_PROJECT_VERSION = 1;
				DEVELOPMENT_ASSET_PATHS = "\"iOS Test/Preview Content\"";
				ENABLE_PREVIEWS = YES;
				GENERATE_INFOPLIST_FILE = YES;
				INFOPLIST_KEY_UIApplicationSceneManifest_Generation = YES;
				INFOPLIST_KEY_UIApplicationSupportsIndirectInputEvents = YES;
				INFOPLIST_KEY_UILaunchScreen_Generation = YES;
				INFOPLIST_KEY_UISupportedInterfaceOrientations_iPad = "UIInterfaceOrientationPortrait UIInterfaceOrientationPortraitUpsideDown UIInterfaceOrientationLandscapeLeft UIInterfaceOrientationLandscapeRight";
				INFOPLIST_KEY_UISupportedInterfaceOrientations_iPhone = "UIInterfaceOrientationPortrait UIInterfaceOrientationLandscapeLeft UIInterfaceOrientationLandscapeRight";
				LD_RUNPATH_SEARCH_PATHS = (
					"$(inherited)",
					"@executable_path/Frameworks",
				);
				MARKETING_VERSION = 1.0;
				PRODUCT_BUNDLE_IDENTIFIER = "com.techversant.iOS-Test";
				PRODUCT_NAME = "$(TARGET_NAME)";
				SWIFT_EMIT_LOC_STRINGS = YES;
				SWIFT_VERSION = 5.0;
				TARGETED_DEVICE_FAMILY = "1,2";
			};
			name = Debug;
		};
		48BE5A682B833D0900345611 /* Release */ = {
			isa = XCBuildConfiguration;
			buildSettings = {
				ASSETCATALOG_COMPILER_APPICON_NAME = AppIcon;
				ASSETCATALOG_COMPILER_GLOBAL_ACCENT_COLOR_NAME = AccentColor;
				CODE_SIGN_STYLE = Automatic;
				CURRENT_PROJECT_VERSION = 1;
				DEVELOPMENT_ASSET_PATHS = "\"iOS Test/Preview Content\"";
				ENABLE_PREVIEWS = YES;
				GENERATE_INFOPLIST_FILE = YES;
				INFOPLIST_KEY_UIApplicationSceneManifest_Generation = YES;
				INFOPLIST_KEY_UIApplicationSupportsIndirectInputEvents = YES;
				INFOPLIST_KEY_UILaunchScreen_Generation = YES;
				INFOPLIST_KEY_UISupportedInterfaceOrientations_iPad = "UIInterfaceOrientationPortrait UIInterfaceOrientationPortraitUpsideDown UIInterfaceOrientationLandscapeLeft UIInterfaceOrientationLandscapeRight";
				INFOPLIST_KEY_UISupportedInterfaceOrientations_iPhone = "UIInterfaceOrientationPortrait UIInterfaceOrientationLandscapeLeft UIInterfaceOrientationLandscapeRight";
				LD_RUNPATH_SEARCH_PATHS = (
					"$(inherited)",
					"@executable_path/Frameworks",
				);
				MARKETING_VERSION = 1.0;
				PRODUCT_BUNDLE_IDENTIFIER = "com.techversant.iOS-Test";
				PRODUCT_NAME = "$(TARGET_NAME)";
				SWIFT_EMIT_LOC_STRINGS = YES;
				SWIFT_VERSION = 5.0;
				TARGETED_DEVICE_FAMILY = "1,2";
			};
			name = Release;
		};
/* End XCBuildConfiguration section */

/* Begin XCConfigurationList section */
		48BE5A532B833D0800345611 /* Build configuration list for PBXProject "iOS Test" */ = {
			isa = XCConfigurationList;
			buildConfigurations = (
				48BE5A642B833D0900345611 /* Debug */,
				48BE5A652B833D0900345611 /* Release */,
			);
			defaultConfigurationIsVisible = 0;
			defaultConfigurationName = Release;
		};
		48BE5A662B833D0900345611 /* Build configuration list for PBXNativeTarget "iOS Test" */ = {
			isa = XCConfigurationList;
			buildConfigurations = (
				48BE5A672B833D0900345611 /* Debug */,
				48BE5A682B833D0900345611 /* Release */,
			);
			defaultConfigurationIsVisible = 0;
			defaultConfigurationName = Release;
		};
/* End XCConfigurationList section */
	};
	rootObject = 48BE5A502B833D0800345611 /* Project object */;
}
